
Microsoft Visual Studio Solution File, Format Version 12.00
# Visual Studio Version 17
VisualStudioVersion = 17.14.36408.4 d17.14
MinimumVisualStudioVersion = 10.0.40219.1
Project("{FAE04EC0-301F-11D3-BF4B-00C04F79EFBC}") = "Lab6FormDemo", "Lab6FormDemo.csproj", "{6DEAB0F6-8A04-4517-A47A-CE8A0C8CFFAD}"
EndProject
Global
	GlobalSection(SolutionConfigurationPlatforms) = preSolution
		Debug|Any CPU = Debug|Any CPU
		Release|Any CPU = Release|Any CPU
	EndGlobalSection
	GlobalSection(ProjectConfigurationPlatforms) = postSolution
		{6DEAB0F6-8A04-4517-A47A-CE8A0C8CFFAD}.Debug|Any CPU.ActiveCfg = Debug|Any CPU
		{6DEAB0F6-8A04-4517-A47A-CE8A0C8CFFAD}.Debug|Any CPU.Build.0 = Debug|Any CPU
		{6DEAB0F6-8A04-4517-A47A-CE8A0C8CFFAD}.Release|Any CPU.ActiveCfg = Release|Any CPU
		{6DEAB0F6-8A04-4517-A47A-CE8A0C8CFFAD}.Release|Any CPU.Build.0 = Release|Any CPU
	EndGlobalSection
	GlobalSection(SolutionProperties) = preSolution
		HideSolutionNode = FALSE
	EndGlobalSection
	GlobalSection(ExtensibilityGlobals) = postSolution
		SolutionGuid = {6DAA5E99-A435-4A00-B354-848CFA95DC9D}
	EndGlobalSection
EndGlobal
