
Microsoft Visual Studio Solution File, Format Version 12.00
# Visual Studio Version 17
VisualStudioVersion = 17.14.36408.4 d17.14
MinimumVisualStudioVersion = 10.0.40219.1
Project("{54A90642-561A-4BB1-A94E-469ADEE60C69}") = "aspnetcorereact.client", "aspnetcorereact.client\aspnetcorereact.client.esproj", "{96CE44AC-4F3F-6A48-CFD2-474529D638A2}"
EndProject
Project("{FAE04EC0-301F-11D3-BF4B-00C04F79EFBC}") = "AspNetCoreReact.Server", "AspNetCoreReact.Server\AspNetCoreReact.Server.csproj", "{543B8066-5FCC-458F-A7BD-9A0CB3B16586}"
EndProject
Global
	GlobalSection(SolutionConfigurationPlatforms) = preSolution
		Debug|Any CPU = Debug|Any CPU
		Release|Any CPU = Release|Any CPU
	EndGlobalSection
	GlobalSection(ProjectConfigurationPlatforms) = postSolution
		{96CE44AC-4F3F-6A48-CFD2-474529D638A2}.Debug|Any CPU.ActiveCfg = Debug|Any CPU
		{96CE44AC-4F3F-6A48-CFD2-474529D638A2}.Debug|Any CPU.Build.0 = Debug|Any CPU
		{96CE44AC-4F3F-6A48-CFD2-474529D638A2}.Debug|Any CPU.Deploy.0 = Debug|Any CPU
		{96CE44AC-4F3F-6A48-CFD2-474529D638A2}.Release|Any CPU.ActiveCfg = Release|Any CPU
		{96CE44AC-4F3F-6A48-CFD2-474529D638A2}.Release|Any CPU.Build.0 = Release|Any CPU
		{96CE44AC-4F3F-6A48-CFD2-474529D638A2}.Release|Any CPU.Deploy.0 = Release|Any CPU
		{543B8066-5FCC-458F-A7BD-9A0CB3B16586}.Debug|Any CPU.ActiveCfg = Debug|Any CPU
		{543B8066-5FCC-458F-A7BD-9A0CB3B16586}.Debug|Any CPU.Build.0 = Debug|Any CPU
		{543B8066-5FCC-458F-A7BD-9A0CB3B16586}.Release|Any CPU.ActiveCfg = Release|Any CPU
		{543B8066-5FCC-458F-A7BD-9A0CB3B16586}.Release|Any CPU.Build.0 = Release|Any CPU
	EndGlobalSection
	GlobalSection(SolutionProperties) = preSolution
		HideSolutionNode = FALSE
	EndGlobalSection
	GlobalSection(ExtensibilityGlobals) = postSolution
		SolutionGuid = {C292937B-6116-47DC-B641-901DC1B3CDD8}
	EndGlobalSection
EndGlobal
